<?xml version="1.0" encoding="UTF-8" standalone="yes" ?>
<CodeBlocks_project_file>
	<FileVersion major="1" minor="6" />
	<Project>
		<Option title="Pipe Line Project Ap 981" />
		<Option pch_mode="2" />
		<Option compiler="gcc" />
		<Build>
			<Target title="Debug">
				<Option output="bin/Debug/Pipe Line Project Ap 981" prefix_auto="1" extension_auto="1" />
				<Option object_output="obj/Debug/" />
				<Option type="1" />
				<Option compiler="gcc" />
				<Compiler>
					<Add option="-g" />
					<Add directory="C:/Program Files (x86)/CodeBlocks/sfml/include" />
				</Compiler>
				<Linker>
					<Add library="sfml-graphics" />
					<Add library="sfml-window" />
					<Add library="sfml-system" />
					<Add directory="C:/Program Files (x86)/CodeBlocks/sfml/lib" />
				</Linker>
			</Target>
			<Target title="Release">
				<Option output="bin/Release/Pipe Line Project Ap 981" prefix_auto="1" extension_auto="1" />
				<Option object_output="obj/Release/" />
				<Option type="1" />
				<Option compiler="gcc" />
				<Compiler>
					<Add option="-O2" />
				</Compiler>
				<Linker>
					<Add option="-s" />
				</Linker>
			</Target>
		</Build>
		<Compiler>
			<Add option="-Wall" />
			<Add option="-fexceptions" />
		</Compiler>
		<Unit filename="CrossPipe.cpp">
			<Option target="&lt;{~None~}&gt;" />
		</Unit>
		<Unit filename="CrossPipe.h">
			<Option target="&lt;{~None~}&gt;" />
		</Unit>
		<Unit filename="Generation_core.cpp">
			<Option target="Release" />
		</Unit>
		<Unit filename="Generation_core.h">
			<Option target="&lt;{~None~}&gt;" />
		</Unit>
		<Unit filename="Graph.cpp">
			<Option target="Release" />
		</Unit>
		<Unit filename="Graph.h" />
		<Unit filename="LinePipe.cpp">
			<Option target="Release" />
		</Unit>
		<Unit filename="LinePipe.h" />
		<Unit filename="Pipe.cpp">
			<Option target="&lt;{~None~}&gt;" />
		</Unit>
		<Unit filename="Pipe.h" />
		<Unit filename="TurnPipe.cpp">
			<Option target="&lt;{~None~}&gt;" />
		</Unit>
		<Unit filename="TurnPipe.h">
			<Option link="1" />
			<Option target="&lt;{~None~}&gt;" />
		</Unit>
		<Unit filename="main.cpp">
			<Option target="&lt;{~None~}&gt;" />
		</Unit>
		<Extensions>
			<code_completion />
			<envvars />
			<debugger />
		</Extensions>
	</Project>
</CodeBlocks_project_file>
